// !$*UTF8*$!
{
	archiveVersion = 1;
	classes = {
	};
	objectVersion = 46;
	objects = {

/* Begin PBXBuildFile section */
		08FE3AC51C68D1B200D06E7A /* AppDelegate.swift in Sources */ = {isa = PBXBuildFile; fileRef = 08FE3AC41C68D1B200D06E7A /* AppDelegate.swift */; };
		08FE3AC71C68D1B200D06E7A /* ViewController.swift in Sources */ = {isa = PBXBuildFile; fileRef = 08FE3AC61C68D1B200D06E7A /* ViewController.swift */; };
		08FE3ACA1C68D1B200D06E7A /* Main.storyboard in Resources */ = {isa = PBXBuildFile; fileRef = 08FE3AC81C68D1B200D06E7A /* Main.storyboard */; };
		08FE3ACC1C68D1B200D06E7A /* Assets.xcassets in Resources */ = {isa = PBXBuildFile; fileRef = 08FE3ACB1C68D1B200D06E7A /* Assets.xcassets */; };
		08FE3ACF1C68D1B200D06E7A /* LaunchScreen.storyboard in Resources */ = {isa = PBXBuildFile; fileRef = 08FE3ACD1C68D1B200D06E7A /* LaunchScreen.storyboard */; };
		08FE3AD71C68D63800D06E7A /* pokemon.csv in Resources */ = {isa = PBXBuildFile; fileRef = 08FE3AD61C68D63800D06E7A /* pokemon.csv */; };
/* End PBXBuildFile section */

/* Begin PBXFileReference section */
		08FE3AC11C68D1B200D06E7A /* Pokedex.app */ = {isa = PBXFileReference; explicitFileType = wrapper.application; includeInIndex = 0; path = Pokedex.app; sourceTree = BUILT_PRODUCTS_DIR; };
		08FE3AC41C68D1B200D06E7A /* AppDelegate.swift */ = {isa = PBXFileReference; lastKnownFileType = sourcecode.swift; path = AppDelegate.swift; sourceTree = "<group>"; };
		08FE3AC61C68D1B200D06E7A /* ViewController.swift */ = {isa = PBXFileReference; lastKnownFileType = sourcecode.swift; path = ViewController.swift; sourceTree = "<group>"; };
		08FE3AC91C68D1B200D06E7A /* Base */ = {isa = PBXFileReference; lastKnownFileType = file.storyboard; name = Base; path = Base.lproj/Main.storyboard; sourceTree = "<group>"; };
		08FE3ACB1C68D1B200D06E7A /* Assets.xcassets */ = {isa = PBXFileReference; lastKnownFileType = folder.assetcatalog; path = Assets.xcassets; sourceTree = "<group>"; };
		08FE3ACE1C68D1B200D06E7A /* Base */ = {isa = PBXFileReference; lastKnownFileType = file.storyboard; name = Base; path = Base.lproj/LaunchScreen.storyboard; sourceTree = "<group>"; };
		08FE3AD01C68D1B200D06E7A /* Info.plist */ = {isa = PBXFileReference; lastKnownFileType = text.plist.xml; path = Info.plist; sourceTree = "<group>"; };
		08FE3AD61C68D63800D06E7A /* pokemon.csv */ = {isa = PBXFileReference; fileEncoding = 4; lastKnownFileType = text; path = pokemon.csv; sourceTree = "<group>"; };
/* End PBXFileReference section */

/* Begin PBXFrameworksBuildPhase section */
		08FE3ABE1C68D1B200D06E7A /* Frameworks */ = {
			isa = PBXFrameworksBuildPhase;
			buildActionMask = 2147483647;
			files = (
			);
			runOnlyForDeploymentPostprocessing = 0;
		};
/* End PBXFrameworksBuildPhase section */

/* Begin PBXGroup section */
		08FE3AB81C68D1B200D06E7A = {
			isa = PBXGroup;
			children = (
				08FE3AC31C68D1B200D06E7A /* Pokedex */,
				08FE3AC21C68D1B200D06E7A /* Products */,
			);
			sourceTree = "<group>";
		};
		08FE3AC21C68D1B200D06E7A /* Products */ = {
			isa = PBXGroup;
			children = (
				08FE3AC11C68D1B200D06E7A /* Pokedex.app */,
			);
			name = Products;
			sourceTree = "<group>";
		};
		08FE3AC31C68D1B200D06E7A /* Pokedex */ = {
			isa = PBXGroup;
			children = (
				08FE3AC41C68D1B200D06E7A /* AppDelegate.swift */,
				08FE3AC61C68D1B200D06E7A /* ViewController.swift */,
				08FE3AC81C68D1B200D06E7A /* Main.storyboard */,
				08FE3AD61C68D63800D06E7A /* pokemon.csv */,
				08FE3ACB1C68D1B200D06E7A /* Assets.xcassets */,
				08FE3ACD1C68D1B200D06E7A /* LaunchScreen.storyboard */,
				08FE3AD01C68D1B200D06E7A /* Info.plist */,
			);
			path = Pokedex;
			sourceTree = "<group>";
		};
/* End PBXGroup section */

/* Begin PBXNativeTarget section */
		08FE3AC01C68D1B200D06E7A /* Pokedex */ = {
			isa = PBXNativeTarget;
			buildConfigurationList = 08FE3AD31C68D1B200D06E7A /* Build configuration list for PBXNativeTarget "Pokedex" */;
			buildPhases = (
				08FE3ABD1C68D1B200D06E7A /* Sources */,
				08FE3ABE1C68D1B200D06E7A /* Frameworks */,
				08FE3ABF1C68D1B200D06E7A /* Resources */,
			);
			buildRules = (
			);
			dependencies = (
			);
			name = Pokedex;
			productName = Pokedex;
			productReference = 08FE3AC11C68D1B200D06E7A /* Pokedex.app */;
			productType = "com.apple.product-type.application";
		};
/* End PBXNativeTarget section */

/* Begin PBXProject section */
		08FE3AB91C68D1B200D06E7A /* Project object */ = {
			isa = PBXProject;
			attributes = {
				LastSwiftUpdateCheck = 0720;
				LastUpgradeCheck = 0720;
				ORGANIZATIONNAME = "Ugo Besa";
				TargetAttributes = {
					08FE3AC01C68D1B200D06E7A = {
						CreatedOnToolsVersion = 7.2.1;
					};
				};
			};
			buildConfigurationList = 08FE3ABC1C68D1B200D06E7A /* Build configuration list for PBXProject "Pokedex" */;
			compatibilityVersion = "Xcode 3.2";
			developmentRegion = English;
			hasScannedForEncodings = 0;
			knownRegions = (
				en,
				Base,
			);
			mainGroup = 08FE3AB81C68D1B200D06E7A;
			productRefGroup = 08FE3AC21C68D1B200D06E7A /* Products */;
			projectDirPath = "";
			projectRoot = "";
			targets = (
				08FE3AC01C68D1B200D06E7A /* Pokedex */,
			);
		};
/* End PBXProject section */

/* Begin PBXResourcesBuildPhase section */
		08FE3ABF1C68D1B200D06E7A /* Resources */ = {
			isa = PBXResourcesBuildPhase;
			buildActionMask = 2147483647;
			files = (
				08FE3ACF1C68D1B200D06E7A /* LaunchScreen.storyboard in Resources */,
				08FE3ACC1C68D1B200D06E7A /* Assets.xcassets in Resources */,
				08FE3AD71C68D63800D06E7A /* pokemon.csv in Resources */,
				08FE3ACA1C68D1B200D06E7A /* Main.storyboard in Resources */,
			);
			runOnlyForDeploymentPostprocessing = 0;
		};
/* End PBXResourcesBuildPhase section */

/* Begin PBXSourcesBuildPhase section */
		08FE3ABD1C68D1B200D06E7A /* Sources */ = {
			isa = PBXSourcesBuildPhase;
			buildActionMask = 2147483647;
			files = (
				08FE3AC71C68D1B200D06E7A /* ViewController.swift in Sources */,
				08FE3AC51C68D1B200D06E7A /* AppDelegate.swift in Sources */,
			);
			runOnlyForDeploymentPostprocessing = 0;
		};
/* End PBXSourcesBuildPhase section */

/* Begin PBXVariantGroup section */
		08FE3AC81C68D1B200D06E7A /* Main.storyboard */ = {
			isa = PBXVariantGroup;
			children = (
				08FE3AC91C68D1B200D06E7A /* Base */,
			);
			name = Main.storyboard;
			sourceTree = "<group>";
		};
		08FE3ACD1C68D1B200D06E7A /* LaunchScreen.storyboard */ = {
			isa = PBXVariantGroup;
			children = (
				08FE3ACE1C68D1B200D06E7A /* Base */,
			);
			name = LaunchScreen.storyboard;
			sourceTree = "<group>";
		};
/* End PBXVariantGroup section */

/* Begin XCBuildConfiguration section */
		08FE3AD11C68D1B200D06E7A /* Debug */ = {
			isa = XCBuildConfiguration;
			buildSettings = {
				ALWAYS_SEARCH_USER_PATHS = NO;
				CLANG_CXX_LANGUAGE_STANDARD = "gnu++0x";
				CLANG_CXX_LIBRARY = "libc++";
				CLANG_ENABLE_MODULES = YES;
				CLANG_ENABLE_OBJC_ARC = YES;
				CLANG_WARN_BOOL_CONVERSION = YES;
				CLANG_WARN_CONSTANT_CONVERSION = YES;
				CLANG_WARN_DIRECT_OBJC_ISA_USAGE = YES_ERROR;
				CLANG_WARN_EMPTY_BODY = YES;
				CLANG_WARN_ENUM_CONVERSION = YES;
				CLANG_WARN_INT_CONVERSION = YES;
				CLANG_WARN_OBJC_ROOT_CLASS = YES_ERROR;
				CLANG_WARN_UNREACHABLE_CODE = YES;
				CLANG_WARN__DUPLICATE_METHOD_MATCH = YES;
				"CODE_SIGN_IDENTITY[sdk=iphoneos*]" = "iPhone Developer";
				COPY_PHASE_STRIP = NO;
				DEBUG_INFORMATION_FORMAT = dwarf;
				ENABLE_STRICT_OBJC_MSGSEND = YES;
				ENABLE_TESTABILITY = YES;
				GCC_C_LANGUAGE_STANDARD = gnu99;
				GCC_DYNAMIC_NO_PIC = NO;
				GCC_NO_COMMON_BLOCKS = YES;
				GCC_OPTIMIZATION_LEVEL = 0;
				GCC_PREPROCESSOR_DEFINITIONS = (
					"DEBUG=1",
					"$(inherited)",
				);
				GCC_WARN_64_TO_32_BIT_CONVERSION = YES;
				GCC_WARN_ABOUT_RETURN_TYPE = YES_ERROR;
				GCC_WARN_UNDECLARED_SELECTOR = YES;
				GCC_WARN_UNINITIALIZED_AUTOS = YES_AGGRESSIVE;
				GCC_WARN_UNUSED_FUNCTION = YES;
				GCC_WARN_UNUSED_VARIABLE = YES;
				IPHONEOS_DEPLOYMENT_TARGET = 9.2;
				MTL_ENABLE_DEBUG_INFO = YES;
				ONLY_ACTIVE_ARCH = YES;
				SDKROOT = iphoneos;
				SWIFT_OPTIMIZATION_LEVEL = "-Onone";
				TARGETED_DEVICE_FAMILY = "1,2";
			};
			name = Debug;
		};
		08FE3AD21C68D1B200D06E7A /* Release */ = {
			isa = XCBuildConfiguration;
			buildSettings = {
				ALWAYS_SEARCH_USER_PATHS = NO;
				CLANG_CXX_LANGUAGE_STANDARD = "gnu++0x";
				CLANG_CXX_LIBRARY = "libc++";
				CLANG_ENABLE_MODULES = YES;
				CLANG_ENABLE_OBJC_ARC = YES;
				CLANG_WARN_BOOL_CONVERSION = YES;
				CLANG_WARN_CONSTANT_CONVERSION = YES;
				CLANG_WARN_DIRECT_OBJC_ISA_USAGE = YES_ERROR;
				CLANG_WARN_EMPTY_BODY = YES;
				CLANG_WARN_ENUM_CONVERSION = YES;
				CLANG_WARN_INT_CONVERSION = YES;
				CLANG_WARN_OBJC_ROOT_CLASS = YES_ERROR;
				CLANG_WARN_UNREACHABLE_CODE = YES;
				CLANG_WARN__DUPLICATE_METHOD_MATCH = YES;
				"CODE_SIGN_IDENTITY[sdk=iphoneos*]" = "iPhone Developer";
				COPY_PHASE_STRIP = NO;
				DEBUG_INFORMATION_FORMAT = "dwarf-with-dsym";
				ENABLE_NS_ASSERTIONS = NO;
				ENABLE_STRICT_OBJC_MSGSEND = YES;
				GCC_C_LANGUAGE_STANDARD = gnu99;
				GCC_NO_COMMON_BLOCKS = YES;
				GCC_WARN_64_TO_32_BIT_CONVERSION = YES;
				GCC_WARN_ABOUT_RETURN_TYPE = YES_ERROR;
				GCC_WARN_UNDECLARED_SELECTOR = YES;
				GCC_WARN_UNINITIALIZED_AUTOS = YES_AGGRESSIVE;
				GCC_WARN_UNUSED_FUNCTION = YES;
				GCC_WARN_UNUSED_VARIABLE = YES;
				IPHONEOS_DEPLOYMENT_TARGET = 9.2;
				MTL_ENABLE_DEBUG_INFO = NO;
				SDKROOT = iphoneos;
				TARGETED_DEVICE_FAMILY = "1,2";
				VALIDATE_PRODUCT = YES;
			};
			name = Release;
		};
		08FE3AD41C68D1B200D06E7A /* Debug */ = {
			isa = XCBuildConfiguration;
			buildSettings = {
				ASSETCATALOG_COMPILER_APPICON_NAME = AppIcon;
				INFOPLIST_FILE = Pokedex/Info.plist;
				LD_RUNPATH_SEARCH_PATHS = "$(inherited) @executable_path/Frameworks";
				PRODUCT_BUNDLE_IDENTIFIER = com.ugobesa.Pokedex;
				PRODUCT_NAME = "$(TARGET_NAME)";
			};
			name = Debug;
		};
		08FE3AD51C68D1B200D06E7A /* Release */ = {
			isa = XCBuildConfiguration;
			buildSettings = {
				ASSETCATALOG_COMPILER_APPICON_NAME = AppIcon;
				INFOPLIST_FILE = Pokedex/Info.plist;
				LD_RUNPATH_SEARCH_PATHS = "$(inherited) @executable_path/Frameworks";
				PRODUCT_BUNDLE_IDENTIFIER = com.ugobesa.Pokedex;
				PRODUCT_NAME = "$(TARGET_NAME)";
			};
			name = Release;
		};
/* End XCBuildConfiguration section */

/* Begin XCConfigurationList section */
		08FE3ABC1C68D1B200D06E7A /* Build configuration list for PBXProject "Pokedex" */ = {
			isa = XCConfigurationList;
			buildConfigurations = (
				08FE3AD11C68D1B200D06E7A /* Debug */,
				08FE3AD21C68D1B200D06E7A /* Release */,
			);
			defaultConfigurationIsVisible = 0;
			defaultConfigurationName = Release;
		};
		08FE3AD31C68D1B200D06E7A /* Build configuration list for PBXNativeTarget "Pokedex" */ = {
			isa = XCConfigurationList;
			buildConfigurations = (
				08FE3AD41C68D1B200D06E7A /* Debug */,
				08FE3AD51C68D1B200D06E7A /* Release */,
			);
			defaultConfigurationIsVisible = 0;
		};
/* End XCConfigurationList section */
	};
	rootObject = 08FE3AB91C68D1B200D06E7A /* Project object */;
}
